
Microsoft Visual Studio Solution File, Format Version 12.00
# Visual Studio Version 17
VisualStudioVersion = 17.0.32112.339
MinimumVisualStudioVersion = 10.0.40219.1
Project("{FAE04EC0-301F-11D3-BF4B-00C04F79EFBC}") = "AdoExample", "AdoExample\AdoExample.csproj", "{13DC05EF-499D-4337-BA2D-51133836DEE5}"
EndProject
Global
	GlobalSection(SolutionConfigurationPlatforms) = preSolution
		Debug|Any CPU = Debug|Any CPU
		Release|Any CPU = Release|Any CPU
	EndGlobalSection
	GlobalSection(ProjectConfigurationPlatforms) = postSolution
		{13DC05EF-499D-4337-BA2D-51133836DEE5}.Debug|Any CPU.ActiveCfg = Debug|Any CPU
		{13DC05EF-499D-4337-BA2D-51133836DEE5}.Debug|Any CPU.Build.0 = Debug|Any CPU
		{13DC05EF-499D-4337-BA2D-51133836DEE5}.Release|Any CPU.ActiveCfg = Release|Any CPU
		{13DC05EF-499D-4337-BA2D-51133836DEE5}.Release|Any CPU.Build.0 = Release|Any CPU
	EndGlobalSection
	GlobalSection(SolutionProperties) = preSolution
		HideSolutionNode = FALSE
	EndGlobalSection
	GlobalSection(ExtensibilityGlobals) = postSolution
		SolutionGuid = {107D4887-089D-47D4-BFD6-F16716F071A9}
	EndGlobalSection
EndGlobal
